<?xml version="1.0" encoding="utf-8"?>
<Project ToolsVersion="4.0" xmlns="http://schemas.microsoft.com/developer/msbuild/2003">
  <ItemGroup>
    <ClCompile Include="Screen.cpp">
      <Filter>Render</Filter>
    </ClCompile>
    <ClCompile Include="Render.cpp">
      <Filter>Render</Filter>
    </ClCompile>
    <ClCompile Include="MenuScreen.cpp">
      <Filter>Render</Filter>
    </ClCompile>
    <ClCompile Include="GameScreen.cpp">
      <Filter>Render</Filter>
    </ClCompile>
    <ClCompile Include="GameBar.cpp">
      <Filter>Render</Filter>
    </ClCompile>
    <ClCompile Include="GUI.cpp">
      <Filter>Communicate</Filter>
    </ClCompile>
    <ClCompile Include="Main.cpp">
      <Filter>Mics</Filter>
    </ClCompile>
    <ClCompile Include="EndGame.cpp">
      <Filter>Game\Endgame</Filter>
    </ClCompile>
    <ClCompile Include="HistoryMove.cpp">
      <Filter>Game\UndoRedo</Filter>
    </ClCompile>
    <ClCompile Include="Pieces.cpp">
      <Filter>Game\BasicComponent</Filter>
    </ClCompile>
    <ClCompile Include="StaticFunc.cpp">
      <Filter>Game\BasicComponent</Filter>
    </ClCompile>
    <ClCompile Include="System.cpp">
      <Filter>Game\BasicComponent</Filter>
    </ClCompile>
    <ClCompile Include="Game.cpp">
      <Filter>Game</Filter>
    </ClCompile>
  </ItemGroup>
  <ItemGroup>
    <ClInclude Include="Screen.h">
      <Filter>Render</Filter>
    </ClInclude>
    <ClInclude Include="Render.h">
      <Filter>Render</Filter>
    </ClInclude>
    <ClInclude Include="MenuScreen.h">
      <Filter>Render</Filter>
    </ClInclude>
    <ClInclude Include="GameScreen.h">
      <Filter>Render</Filter>
    </ClInclude>
    <ClInclude Include="GameBar.h">
      <Filter>Render</Filter>
    </ClInclude>
    <ClInclude Include="GUI.h">
      <Filter>Communicate</Filter>
    </ClInclude>
    <ClInclude Include="Header.h">
      <Filter>Mics</Filter>
    </ClInclude>
    <ClInclude Include="EndGame.h">
      <Filter>Game\Endgame</Filter>
    </ClInclude>
    <ClInclude Include="HistoryMove.h">
      <Filter>Game\UndoRedo</Filter>
    </ClInclude>
    <ClInclude Include="Pieces.h">
      <Filter>Game\BasicComponent</Filter>
    </ClInclude>
    <ClInclude Include="StaticFunc.h">
      <Filter>Game\BasicComponent</Filter>
    </ClInclude>
    <ClInclude Include="System.h">
      <Filter>Game\BasicComponent</Filter>
    </ClInclude>
    <ClInclude Include="Game.h">
      <Filter>Game</Filter>
    </ClInclude>
  </ItemGroup>
  <ItemGroup>
    <None Include="ClassDiagram.cd" />
  </ItemGroup>
  <ItemGroup>
    <Filter Include="Communicate">
      <UniqueIdentifier>{b1b56755-1249-4f68-abdc-dcb43205a769}</UniqueIdentifier>
    </Filter>
    <Filter Include="Game">
      <UniqueIdentifier>{4b1ab550-1833-4587-b308-df29afe5ab0b}</UniqueIdentifier>
    </Filter>
    <Filter Include="Render">
      <UniqueIdentifier>{3b6664c1-7349-4892-a4fc-9edf142beb38}</UniqueIdentifier>
    </Filter>
    <Filter Include="Mics">
      <UniqueIdentifier>{e7d73ccd-41db-44a0-a127-5695076a691b}</UniqueIdentifier>
    </Filter>
    <Filter Include="Game\UndoRedo">
      <UniqueIdentifier>{4b01931e-69ad-4ab4-8a0c-977d6b4d23a7}</UniqueIdentifier>
    </Filter>
    <Filter Include="Game\Endgame">
      <UniqueIdentifier>{85fc41c0-38f3-425e-8e85-eb5eb8c8be36}</UniqueIdentifier>
    </Filter>
    <Filter Include="Game\BasicComponent">
      <UniqueIdentifier>{210b4d21-17aa-4e97-8bd3-84c90568e253}</UniqueIdentifier>
    </Filter>
  </ItemGroup>
</Project>